
Microsoft Visual Studio Solution File, Format Version 12.00
# Visual Studio Version 17
VisualStudioVersion = 17.9.34607.119
MinimumVisualStudioVersion = 10.0.40219.1
Project("{FAE04EC0-301F-11D3-BF4B-00C04F79EFBC}") = "GrpcService-DM113", "GrpcService-DM113\GrpcService-DM113.csproj", "{269AEB34-0A7A-4685-B6FF-596A60F87000}"
EndProject
Global
	GlobalSection(SolutionConfigurationPlatforms) = preSolution
		Debug|Any CPU = Debug|Any CPU
		Release|Any CPU = Release|Any CPU
	EndGlobalSection
	GlobalSection(ProjectConfigurationPlatforms) = postSolution
		{269AEB34-0A7A-4685-B6FF-596A60F87000}.Debug|Any CPU.ActiveCfg = Debug|Any CPU
		{269AEB34-0A7A-4685-B6FF-596A60F87000}.Debug|Any CPU.Build.0 = Debug|Any CPU
		{269AEB34-0A7A-4685-B6FF-596A60F87000}.Release|Any CPU.ActiveCfg = Release|Any CPU
		{269AEB34-0A7A-4685-B6FF-596A60F87000}.Release|Any CPU.Build.0 = Release|Any CPU
	EndGlobalSection
	GlobalSection(SolutionProperties) = preSolution
		HideSolutionNode = FALSE
	EndGlobalSection
	GlobalSection(ExtensibilityGlobals) = postSolution
		SolutionGuid = {6C17A343-6F72-43D1-9098-8438261727D5}
	EndGlobalSection
EndGlobal
