
Microsoft Visual Studio Solution File, Format Version 12.00
# Visual Studio Version 17
VisualStudioVersion = 17.9.34607.119
MinimumVisualStudioVersion = 10.0.40219.1
Project("{FAE04EC0-301F-11D3-BF4B-00C04F79EFBC}") = "NumbersToWordsSOAPConsumer", "NumbersToWordsSOAPConsumer\NumbersToWordsSOAPConsumer.csproj", "{3AADB87F-8889-45FD-83DB-2C266FEFFC49}"
EndProject
Global
	GlobalSection(SolutionConfigurationPlatforms) = preSolution
		Debug|Any CPU = Debug|Any CPU
		Release|Any CPU = Release|Any CPU
	EndGlobalSection
	GlobalSection(ProjectConfigurationPlatforms) = postSolution
		{3AADB87F-8889-45FD-83DB-2C266FEFFC49}.Debug|Any CPU.ActiveCfg = Debug|Any CPU
		{3AADB87F-8889-45FD-83DB-2C266FEFFC49}.Debug|Any CPU.Build.0 = Debug|Any CPU
		{3AADB87F-8889-45FD-83DB-2C266FEFFC49}.Release|Any CPU.ActiveCfg = Release|Any CPU
		{3AADB87F-8889-45FD-83DB-2C266FEFFC49}.Release|Any CPU.Build.0 = Release|Any CPU
	EndGlobalSection
	GlobalSection(SolutionProperties) = preSolution
		HideSolutionNode = FALSE
	EndGlobalSection
	GlobalSection(ExtensibilityGlobals) = postSolution
		SolutionGuid = {2B57591D-2DE0-40E0-AA50-A2516A763A6D}
	EndGlobalSection
EndGlobal
